
Microsoft Visual Studio Solution File, Format Version 12.00
# Visual Studio Version 17
VisualStudioVersion = 17.7.34031.279
MinimumVisualStudioVersion = 10.0.40219.1
Project("{FAE04EC0-301F-11D3-BF4B-00C04F79EFBC}") = "hw2", "hw2\hw2.csproj", "{1A3F2EFE-736A-42A9-9DCF-EB33B88BDD5A}"
EndProject
Project("{FAE04EC0-301F-11D3-BF4B-00C04F79EFBC}") = "lab2", "..\lab2\lab2.csproj", "{E8D3E947-FCA8-4B94-80C3-9C4BF6F96B1C}"
EndProject
Project("{FAE04EC0-301F-11D3-BF4B-00C04F79EFBC}") = "lab3", "..\lab3\lab3.csproj", "{89035DEC-7120-44E4-9DEA-748C64599B18}"
EndProject
Global
	GlobalSection(SolutionConfigurationPlatforms) = preSolution
		Debug|Any CPU = Debug|Any CPU
		Release|Any CPU = Release|Any CPU
	EndGlobalSection
	GlobalSection(ProjectConfigurationPlatforms) = postSolution
		{1A3F2EFE-736A-42A9-9DCF-EB33B88BDD5A}.Debug|Any CPU.ActiveCfg = Debug|Any CPU
		{1A3F2EFE-736A-42A9-9DCF-EB33B88BDD5A}.Debug|Any CPU.Build.0 = Debug|Any CPU
		{1A3F2EFE-736A-42A9-9DCF-EB33B88BDD5A}.Release|Any CPU.ActiveCfg = Release|Any CPU
		{1A3F2EFE-736A-42A9-9DCF-EB33B88BDD5A}.Release|Any CPU.Build.0 = Release|Any CPU
		{E8D3E947-FCA8-4B94-80C3-9C4BF6F96B1C}.Debug|Any CPU.ActiveCfg = Debug|Any CPU
		{E8D3E947-FCA8-4B94-80C3-9C4BF6F96B1C}.Debug|Any CPU.Build.0 = Debug|Any CPU
		{E8D3E947-FCA8-4B94-80C3-9C4BF6F96B1C}.Release|Any CPU.ActiveCfg = Release|Any CPU
		{E8D3E947-FCA8-4B94-80C3-9C4BF6F96B1C}.Release|Any CPU.Build.0 = Release|Any CPU
		{89035DEC-7120-44E4-9DEA-748C64599B18}.Debug|Any CPU.ActiveCfg = Debug|Any CPU
		{89035DEC-7120-44E4-9DEA-748C64599B18}.Debug|Any CPU.Build.0 = Debug|Any CPU
		{89035DEC-7120-44E4-9DEA-748C64599B18}.Release|Any CPU.ActiveCfg = Release|Any CPU
		{89035DEC-7120-44E4-9DEA-748C64599B18}.Release|Any CPU.Build.0 = Release|Any CPU
	EndGlobalSection
	GlobalSection(SolutionProperties) = preSolution
		HideSolutionNode = FALSE
	EndGlobalSection
	GlobalSection(ExtensibilityGlobals) = postSolution
		SolutionGuid = {C4A5C3B9-9FC1-40E6-85C0-CEC75696529A}
	EndGlobalSection
EndGlobal
